<?xml version="1.0" encoding="utf-8"?>
<Project ToolsVersion="4.0" xmlns="http://schemas.microsoft.com/developer/msbuild/2003">
  <ItemGroup>
    <Filter Include="Source Files">
      <UniqueIdentifier>{4FC737F1-C7A5-4376-A066-2A32D752A2FF}</UniqueIdentifier>
      <Extensions>cpp;c;cc;cxx;def;odl;idl;hpj;bat;asm;asmx</Extensions>
    </Filter>
    <Filter Include="Header Files">
      <UniqueIdentifier>{93995380-89BD-4b04-88EB-625FBE52EBFB}</UniqueIdentifier>
      <Extensions>h;hh;hpp;hxx;hm;inl;inc;xsd</Extensions>
    </Filter>
  </ItemGroup>
  <ItemGroup>
    <ClCompile Include="IoService.cpp">
      <Filter>Source Files</Filter>
    </ClCompile>
    <ClCompile Include="Socket.cpp">
      <Filter>Source Files</Filter>
    </ClCompile>
    <ClCompile Include="TcpListener.cpp">
      <Filter>Source Files</Filter>
    </ClCompile>
    <ClCompile Include="TcpSession.cpp">
      <Filter>Source Files</Filter>
    </ClCompile>
    <ClCompile Include="ExtensionTable.cpp">
      <Filter>Source Files</Filter>
    </ClCompile>
    <ClCompile Include="Main.cpp">
      <Filter>Source Files</Filter>
    </ClCompile>
    <ClCompile Include="CircularBuffer.cpp">
      <Filter>Source Files</Filter>
    </ClCompile>
    <ClCompile Include="IoCallbackSend.cpp">
      <Filter>Source Files</Filter>
    </ClCompile>
    <ClCompile Include="IoCallbackConnect.cpp">
      <Filter>Source Files</Filter>
    </ClCompile>
    <ClCompile Include="IoCallbackAccept.cpp">
      <Filter>Source Files</Filter>
    </ClCompile>
    <ClCompile Include="IoCallbackRecv.cpp">
      <Filter>Source Files</Filter>
    </ClCompile>
    <ClCompile Include="IoCallbackDisconnect.cpp">
      <Filter>Source Files</Filter>
    </ClCompile>
    <ClCompile Include="IoCallbackError.cpp">
      <Filter>Source Files</Filter>
    </ClCompile>
    <ClCompile Include="IoCallbackShared.cpp">
      <Filter>Source Files</Filter>
    </ClCompile>
    <ClCompile Include="TcpClientService.cpp">
      <Filter>Source Files</Filter>
    </ClCompile>
    <ClCompile Include="TcpServerService.cpp">
      <Filter>Source Files</Filter>
    </ClCompile>
    <ClCompile Include="TcpSessionService.cpp">
      <Filter>Source Files</Filter>
    </ClCompile>
    <ClCompile Include="Log.cpp">
      <Filter>Source Files</Filter>
    </ClCompile>
  </ItemGroup>
  <ItemGroup>
    <ClInclude Include="IoService.h">
      <Filter>Header Files</Filter>
    </ClInclude>
    <ClInclude Include="Socket.h">
      <Filter>Header Files</Filter>
    </ClInclude>
    <ClInclude Include="TcpListener.h">
      <Filter>Header Files</Filter>
    </ClInclude>
    <ClInclude Include="TcpSession.h">
      <Filter>Header Files</Filter>
    </ClInclude>
    <ClInclude Include="ExtensionTable.h">
      <Filter>Header Files</Filter>
    </ClInclude>
    <ClInclude Include="Global.h">
      <Filter>Header Files</Filter>
    </ClInclude>
    <ClInclude Include="WinsockStarter.h">
      <Filter>Header Files</Filter>
    </ClInclude>
    <ClInclude Include="IoCallbackAccept.h">
      <Filter>Header Files</Filter>
    </ClInclude>
    <ClInclude Include="IoCallbackConnect.h">
      <Filter>Header Files</Filter>
    </ClInclude>
    <ClInclude Include="IoCallbackRecv.h">
      <Filter>Header Files</Filter>
    </ClInclude>
    <ClInclude Include="IoCallbackSend.h">
      <Filter>Header Files</Filter>
    </ClInclude>
    <ClInclude Include="CircularBuffer.h">
      <Filter>Header Files</Filter>
    </ClInclude>
    <ClInclude Include="IoCallbackFn.h">
      <Filter>Header Files</Filter>
    </ClInclude>
    <ClInclude Include="IoCallbackImpl.hpp">
      <Filter>Header Files</Filter>
    </ClInclude>
    <ClInclude Include="Lock.h">
      <Filter>Header Files</Filter>
    </ClInclude>
    <ClInclude Include="SockaddrIn.h">
      <Filter>Header Files</Filter>
    </ClInclude>
    <ClInclude Include="IoCallbackDisconnect.h">
      <Filter>Header Files</Filter>
    </ClInclude>
    <ClInclude Include="IoCallbackError.h">
      <Filter>Header Files</Filter>
    </ClInclude>
    <ClInclude Include="IoCallbackShared.h">
      <Filter>Header Files</Filter>
    </ClInclude>
    <ClInclude Include="IoCallback.h">
      <Filter>Header Files</Filter>
    </ClInclude>
    <ClInclude Include="Log.h">
      <Filter>Header Files</Filter>
    </ClInclude>
    <ClInclude Include="TcpSessionService.h">
      <Filter>Header Files</Filter>
    </ClInclude>
    <ClInclude Include="Type.h">
      <Filter>Header Files</Filter>
    </ClInclude>
    <ClInclude Include="TcpClientService.h">
      <Filter>Header Files</Filter>
    </ClInclude>
    <ClInclude Include="TcpServerService.h">
      <Filter>Header Files</Filter>
    </ClInclude>
    <ClInclude Include="Arguments.h">
      <Filter>Header Files</Filter>
    </ClInclude>
  </ItemGroup>
  <ItemGroup>
    <None Include="README.md" />
  </ItemGroup>
</Project>